
Microsoft Visual Studio Solution File, Format Version 12.00
# Visual Studio Version 16
VisualStudioVersion = 16.0.31402.337
MinimumVisualStudioVersion = 10.0.40219.1
Project("{FAE04EC0-301F-11D3-BF4B-00C04F79EFBC}") = "MWPFFrame.MyApplication.Container", "MWPFFrame.MyApplication.Container\MWPFFrame.MyApplication.Container.csproj", "{BD66193A-1531-4821-B005-96B92062DB21}"
EndProject
Project("{FAE04EC0-301F-11D3-BF4B-00C04F79EFBC}") = "MWPFFrame.IUtility", "MWPFFrame.IUtility\MWPFFrame.IUtility.csproj", "{5CC03BDD-1690-4ADE-9259-DBE173F9B99A}"
EndProject
Project("{FAE04EC0-301F-11D3-BF4B-00C04F79EFBC}") = "MWPFFrame.MyApplication.IViewModel", "MWPFFrame.MyApplication.IViewModel\MWPFFrame.MyApplication.IViewModel.csproj", "{F84AE6D4-C6FD-4834-99CF-33F99E910DB0}"
EndProject
Project("{FAE04EC0-301F-11D3-BF4B-00C04F79EFBC}") = "MWPFFrame.MyApplication.TestModule.ViewModel", "MWPFFrame.MyApplication.TestModule.ViewModel\MWPFFrame.MyApplication.TestModule.ViewModel.csproj", "{40692C70-5001-4B43-9096-3A4937D726AD}"
EndProject
Project("{FAE04EC0-301F-11D3-BF4B-00C04F79EFBC}") = "MWPFFrame.Utility", "MWPFFrame.Utility\MWPFFrame.Utility.csproj", "{C947DE5A-50BE-4BD3-92AA-ADCE5E372806}"
EndProject
Project("{2150E333-8FDC-42A3-9474-1A3956D46DE8}") = "Frame", "Frame", "{CD03AB24-04D8-44DF-936A-D73AC42643D9}"
EndProject
Project("{FAE04EC0-301F-11D3-BF4B-00C04F79EFBC}") = "MWPFFrame.UIControls", "MWPFFrame.UIControls\MWPFFrame.UIControls.csproj", "{2CF6A11C-2AD4-4174-99DE-F8F44459893F}"
EndProject
Project("{FAE04EC0-301F-11D3-BF4B-00C04F79EFBC}") = "MWPFFrame.Applications", "MWPFFrame.Applications\MWPFFrame.Applications.csproj", "{F51E4DB1-EAAE-49EB-B8F4-9CED7335C099}"
EndProject
Project("{FAE04EC0-301F-11D3-BF4B-00C04F79EFBC}") = "MWPFFrame.LanguageManagers", "MWPFFrame.LanguageManagers\MWPFFrame.LanguageManagers.csproj", "{74D8C081-E5E9-45DE-AD6F-E5CA61C9F848}"
EndProject
Project("{FAE04EC0-301F-11D3-BF4B-00C04F79EFBC}") = "MWPFFrame.MyApplication.CustomControls", "MWPFFrame.MyApplication.CustomControls\MWPFFrame.MyApplication.CustomControls.csproj", "{346B9F41-44FD-41CA-A808-71292327B7DD}"
EndProject
Global
	GlobalSection(SolutionConfigurationPlatforms) = preSolution
		Debug|Any CPU = Debug|Any CPU
		Release|Any CPU = Release|Any CPU
	EndGlobalSection
	GlobalSection(ProjectConfigurationPlatforms) = postSolution
		{BD66193A-1531-4821-B005-96B92062DB21}.Debug|Any CPU.ActiveCfg = Debug|Any CPU
		{BD66193A-1531-4821-B005-96B92062DB21}.Debug|Any CPU.Build.0 = Debug|Any CPU
		{BD66193A-1531-4821-B005-96B92062DB21}.Release|Any CPU.ActiveCfg = Release|Any CPU
		{BD66193A-1531-4821-B005-96B92062DB21}.Release|Any CPU.Build.0 = Release|Any CPU
		{5CC03BDD-1690-4ADE-9259-DBE173F9B99A}.Debug|Any CPU.ActiveCfg = Debug|Any CPU
		{5CC03BDD-1690-4ADE-9259-DBE173F9B99A}.Debug|Any CPU.Build.0 = Debug|Any CPU
		{5CC03BDD-1690-4ADE-9259-DBE173F9B99A}.Release|Any CPU.ActiveCfg = Release|Any CPU
		{5CC03BDD-1690-4ADE-9259-DBE173F9B99A}.Release|Any CPU.Build.0 = Release|Any CPU
		{F84AE6D4-C6FD-4834-99CF-33F99E910DB0}.Debug|Any CPU.ActiveCfg = Debug|Any CPU
		{F84AE6D4-C6FD-4834-99CF-33F99E910DB0}.Debug|Any CPU.Build.0 = Debug|Any CPU
		{F84AE6D4-C6FD-4834-99CF-33F99E910DB0}.Release|Any CPU.ActiveCfg = Release|Any CPU
		{F84AE6D4-C6FD-4834-99CF-33F99E910DB0}.Release|Any CPU.Build.0 = Release|Any CPU
		{40692C70-5001-4B43-9096-3A4937D726AD}.Debug|Any CPU.ActiveCfg = Debug|Any CPU
		{40692C70-5001-4B43-9096-3A4937D726AD}.Debug|Any CPU.Build.0 = Debug|Any CPU
		{40692C70-5001-4B43-9096-3A4937D726AD}.Release|Any CPU.ActiveCfg = Release|Any CPU
		{40692C70-5001-4B43-9096-3A4937D726AD}.Release|Any CPU.Build.0 = Release|Any CPU
		{C947DE5A-50BE-4BD3-92AA-ADCE5E372806}.Debug|Any CPU.ActiveCfg = Debug|Any CPU
		{C947DE5A-50BE-4BD3-92AA-ADCE5E372806}.Debug|Any CPU.Build.0 = Debug|Any CPU
		{C947DE5A-50BE-4BD3-92AA-ADCE5E372806}.Release|Any CPU.ActiveCfg = Release|Any CPU
		{C947DE5A-50BE-4BD3-92AA-ADCE5E372806}.Release|Any CPU.Build.0 = Release|Any CPU
		{2CF6A11C-2AD4-4174-99DE-F8F44459893F}.Debug|Any CPU.ActiveCfg = Debug|Any CPU
		{2CF6A11C-2AD4-4174-99DE-F8F44459893F}.Debug|Any CPU.Build.0 = Debug|Any CPU
		{2CF6A11C-2AD4-4174-99DE-F8F44459893F}.Release|Any CPU.ActiveCfg = Release|Any CPU
		{2CF6A11C-2AD4-4174-99DE-F8F44459893F}.Release|Any CPU.Build.0 = Release|Any CPU
		{F51E4DB1-EAAE-49EB-B8F4-9CED7335C099}.Debug|Any CPU.ActiveCfg = Debug|Any CPU
		{F51E4DB1-EAAE-49EB-B8F4-9CED7335C099}.Debug|Any CPU.Build.0 = Debug|Any CPU
		{F51E4DB1-EAAE-49EB-B8F4-9CED7335C099}.Release|Any CPU.ActiveCfg = Release|Any CPU
		{F51E4DB1-EAAE-49EB-B8F4-9CED7335C099}.Release|Any CPU.Build.0 = Release|Any CPU
		{74D8C081-E5E9-45DE-AD6F-E5CA61C9F848}.Debug|Any CPU.ActiveCfg = Debug|Any CPU
		{74D8C081-E5E9-45DE-AD6F-E5CA61C9F848}.Debug|Any CPU.Build.0 = Debug|Any CPU
		{74D8C081-E5E9-45DE-AD6F-E5CA61C9F848}.Release|Any CPU.ActiveCfg = Release|Any CPU
		{74D8C081-E5E9-45DE-AD6F-E5CA61C9F848}.Release|Any CPU.Build.0 = Release|Any CPU
		{346B9F41-44FD-41CA-A808-71292327B7DD}.Debug|Any CPU.ActiveCfg = Debug|Any CPU
		{346B9F41-44FD-41CA-A808-71292327B7DD}.Debug|Any CPU.Build.0 = Debug|Any CPU
		{346B9F41-44FD-41CA-A808-71292327B7DD}.Release|Any CPU.ActiveCfg = Release|Any CPU
		{346B9F41-44FD-41CA-A808-71292327B7DD}.Release|Any CPU.Build.0 = Release|Any CPU
	EndGlobalSection
	GlobalSection(SolutionProperties) = preSolution
		HideSolutionNode = FALSE
	EndGlobalSection
	GlobalSection(NestedProjects) = preSolution
		{2CF6A11C-2AD4-4174-99DE-F8F44459893F} = {CD03AB24-04D8-44DF-936A-D73AC42643D9}
		{F51E4DB1-EAAE-49EB-B8F4-9CED7335C099} = {CD03AB24-04D8-44DF-936A-D73AC42643D9}
		{74D8C081-E5E9-45DE-AD6F-E5CA61C9F848} = {CD03AB24-04D8-44DF-936A-D73AC42643D9}
	EndGlobalSection
	GlobalSection(ExtensibilityGlobals) = postSolution
		SolutionGuid = {1525DB83-48F1-4D25-B16C-F9485F6D234E}
	EndGlobalSection
EndGlobal
